
Microsoft Visual Studio Solution File, Format Version 12.00
Project("{FAE04EC0-301F-11D3-BF4B-00C04F79EFBC}") = "Resilliency.Tests", "Resilliency.Tests\Resilliency.Tests.csproj", "{8DF49824-B453-48ED-8006-E8EA9DBA849D}"
EndProject
Project("{FAE04EC0-301F-11D3-BF4B-00C04F79EFBC}") = "Resilliency.Comms", "Resilliency.Comms\Resilliency.Comms.csproj", "{5959997D-BB47-4D8B-8361-599FCA96136F}"
EndProject
Project("{FAE04EC0-301F-11D3-BF4B-00C04F79EFBC}") = "Resilliency.Demo", "Resilliency.Demo\Resilliency.Demo.csproj", "{8B29AE6A-8D77-4B76-BA5D-BF9BE549754A}"
EndProject
Global
	GlobalSection(SolutionConfigurationPlatforms) = preSolution
		Debug|Any CPU = Debug|Any CPU
		Debug|x64 = Debug|x64
		Debug|x86 = Debug|x86
		Release|Any CPU = Release|Any CPU
		Release|x64 = Release|x64
		Release|x86 = Release|x86
	EndGlobalSection
	GlobalSection(ProjectConfigurationPlatforms) = postSolution
		{8DF49824-B453-48ED-8006-E8EA9DBA849D}.Debug|Any CPU.ActiveCfg = Debug|Any CPU
		{8DF49824-B453-48ED-8006-E8EA9DBA849D}.Debug|Any CPU.Build.0 = Debug|Any CPU
		{8DF49824-B453-48ED-8006-E8EA9DBA849D}.Debug|x64.ActiveCfg = Debug|Any CPU
		{8DF49824-B453-48ED-8006-E8EA9DBA849D}.Debug|x64.Build.0 = Debug|Any CPU
		{8DF49824-B453-48ED-8006-E8EA9DBA849D}.Debug|x86.ActiveCfg = Debug|Any CPU
		{8DF49824-B453-48ED-8006-E8EA9DBA849D}.Debug|x86.Build.0 = Debug|Any CPU
		{8DF49824-B453-48ED-8006-E8EA9DBA849D}.Release|Any CPU.ActiveCfg = Release|Any CPU
		{8DF49824-B453-48ED-8006-E8EA9DBA849D}.Release|Any CPU.Build.0 = Release|Any CPU
		{8DF49824-B453-48ED-8006-E8EA9DBA849D}.Release|x64.ActiveCfg = Release|Any CPU
		{8DF49824-B453-48ED-8006-E8EA9DBA849D}.Release|x64.Build.0 = Release|Any CPU
		{8DF49824-B453-48ED-8006-E8EA9DBA849D}.Release|x86.ActiveCfg = Release|Any CPU
		{8DF49824-B453-48ED-8006-E8EA9DBA849D}.Release|x86.Build.0 = Release|Any CPU
		{5959997D-BB47-4D8B-8361-599FCA96136F}.Debug|Any CPU.ActiveCfg = Debug|Any CPU
		{5959997D-BB47-4D8B-8361-599FCA96136F}.Debug|Any CPU.Build.0 = Debug|Any CPU
		{5959997D-BB47-4D8B-8361-599FCA96136F}.Debug|x64.ActiveCfg = Debug|Any CPU
		{5959997D-BB47-4D8B-8361-599FCA96136F}.Debug|x64.Build.0 = Debug|Any CPU
		{5959997D-BB47-4D8B-8361-599FCA96136F}.Debug|x86.ActiveCfg = Debug|Any CPU
		{5959997D-BB47-4D8B-8361-599FCA96136F}.Debug|x86.Build.0 = Debug|Any CPU
		{5959997D-BB47-4D8B-8361-599FCA96136F}.Release|Any CPU.ActiveCfg = Release|Any CPU
		{5959997D-BB47-4D8B-8361-599FCA96136F}.Release|Any CPU.Build.0 = Release|Any CPU
		{5959997D-BB47-4D8B-8361-599FCA96136F}.Release|x64.ActiveCfg = Release|Any CPU
		{5959997D-BB47-4D8B-8361-599FCA96136F}.Release|x64.Build.0 = Release|Any CPU
		{5959997D-BB47-4D8B-8361-599FCA96136F}.Release|x86.ActiveCfg = Release|Any CPU
		{5959997D-BB47-4D8B-8361-599FCA96136F}.Release|x86.Build.0 = Release|Any CPU
		{8B29AE6A-8D77-4B76-BA5D-BF9BE549754A}.Debug|Any CPU.ActiveCfg = Debug|Any CPU
		{8B29AE6A-8D77-4B76-BA5D-BF9BE549754A}.Debug|Any CPU.Build.0 = Debug|Any CPU
		{8B29AE6A-8D77-4B76-BA5D-BF9BE549754A}.Debug|x64.ActiveCfg = Debug|Any CPU
		{8B29AE6A-8D77-4B76-BA5D-BF9BE549754A}.Debug|x64.Build.0 = Debug|Any CPU
		{8B29AE6A-8D77-4B76-BA5D-BF9BE549754A}.Debug|x86.ActiveCfg = Debug|Any CPU
		{8B29AE6A-8D77-4B76-BA5D-BF9BE549754A}.Debug|x86.Build.0 = Debug|Any CPU
		{8B29AE6A-8D77-4B76-BA5D-BF9BE549754A}.Release|Any CPU.ActiveCfg = Release|Any CPU
		{8B29AE6A-8D77-4B76-BA5D-BF9BE549754A}.Release|Any CPU.Build.0 = Release|Any CPU
		{8B29AE6A-8D77-4B76-BA5D-BF9BE549754A}.Release|x64.ActiveCfg = Release|Any CPU
		{8B29AE6A-8D77-4B76-BA5D-BF9BE549754A}.Release|x64.Build.0 = Release|Any CPU
		{8B29AE6A-8D77-4B76-BA5D-BF9BE549754A}.Release|x86.ActiveCfg = Release|Any CPU
		{8B29AE6A-8D77-4B76-BA5D-BF9BE549754A}.Release|x86.Build.0 = Release|Any CPU
	EndGlobalSection
	GlobalSection(SolutionProperties) = preSolution
		HideSolutionNode = FALSE
	EndGlobalSection
EndGlobal
